
Microsoft Visual Studio Solution File, Format Version 12.00
# Visual Studio Version 17
VisualStudioVersion = 17.0.31903.59
MinimumVisualStudioVersion = 10.0.40219.1
Project("{FAE04EC0-301F-11D3-BF4B-00C04F79EFBC}") = "Worker", "Worker\Worker.csproj", "{187D37EA-7AFC-4F1D-BB56-22B6DBDF146F}"
EndProject
Project("{FAE04EC0-301F-11D3-BF4B-00C04F79EFBC}") = "Worker.Library", "Worker.Library\Worker.Library.csproj", "{BFCA5647-00DF-49B5-923D-F7441D9F821B}"
EndProject
Global
	GlobalSection(SolutionConfigurationPlatforms) = preSolution
		Debug|Any CPU = Debug|Any CPU
		Release|Any CPU = Release|Any CPU
	EndGlobalSection
	GlobalSection(SolutionProperties) = preSolution
		HideSolutionNode = FALSE
	EndGlobalSection
	GlobalSection(ProjectConfigurationPlatforms) = postSolution
		{187D37EA-7AFC-4F1D-BB56-22B6DBDF146F}.Debug|Any CPU.ActiveCfg = Debug|Any CPU
		{187D37EA-7AFC-4F1D-BB56-22B6DBDF146F}.Debug|Any CPU.Build.0 = Debug|Any CPU
		{187D37EA-7AFC-4F1D-BB56-22B6DBDF146F}.Release|Any CPU.ActiveCfg = Release|Any CPU
		{187D37EA-7AFC-4F1D-BB56-22B6DBDF146F}.Release|Any CPU.Build.0 = Release|Any CPU
		{BFCA5647-00DF-49B5-923D-F7441D9F821B}.Debug|Any CPU.ActiveCfg = Debug|Any CPU
		{BFCA5647-00DF-49B5-923D-F7441D9F821B}.Debug|Any CPU.Build.0 = Debug|Any CPU
		{BFCA5647-00DF-49B5-923D-F7441D9F821B}.Release|Any CPU.ActiveCfg = Release|Any CPU
		{BFCA5647-00DF-49B5-923D-F7441D9F821B}.Release|Any CPU.Build.0 = Release|Any CPU
	EndGlobalSection
EndGlobal
