
Microsoft Visual Studio Solution File, Format Version 12.00
# Visual Studio Version 16
VisualStudioVersion = 16.0.30804.86
MinimumVisualStudioVersion = 10.0.40219.1
Project("{FAE04EC0-301F-11D3-BF4B-00C04F79EFBC}") = "MyPerfectProject", "MyPerfectProject\MyPerfectProject.csproj", "{DB3122ED-0C6F-4D35-B568-CB8993F5BAEE}"
EndProject
Project("{FAE04EC0-301F-11D3-BF4B-00C04F79EFBC}") = "ClassLibrary1", "ClassLibrary1\ClassLibrary1.csproj", "{31818CF9-D934-4D52-A69A-E365BFC366D4}"
EndProject
Global
	GlobalSection(SolutionConfigurationPlatforms) = preSolution
		Debug|Any CPU = Debug|Any CPU
		Release|Any CPU = Release|Any CPU
	EndGlobalSection
	GlobalSection(ProjectConfigurationPlatforms) = postSolution
		{DB3122ED-0C6F-4D35-B568-CB8993F5BAEE}.Debug|Any CPU.ActiveCfg = Debug|Any CPU
		{DB3122ED-0C6F-4D35-B568-CB8993F5BAEE}.Debug|Any CPU.Build.0 = Debug|Any CPU
		{DB3122ED-0C6F-4D35-B568-CB8993F5BAEE}.Release|Any CPU.ActiveCfg = Release|Any CPU
		{DB3122ED-0C6F-4D35-B568-CB8993F5BAEE}.Release|Any CPU.Build.0 = Release|Any CPU
		{31818CF9-D934-4D52-A69A-E365BFC366D4}.Debug|Any CPU.ActiveCfg = Debug|Any CPU
		{31818CF9-D934-4D52-A69A-E365BFC366D4}.Debug|Any CPU.Build.0 = Debug|Any CPU
		{31818CF9-D934-4D52-A69A-E365BFC366D4}.Release|Any CPU.ActiveCfg = Release|Any CPU
		{31818CF9-D934-4D52-A69A-E365BFC366D4}.Release|Any CPU.Build.0 = Release|Any CPU
	EndGlobalSection
	GlobalSection(SolutionProperties) = preSolution
		HideSolutionNode = FALSE
	EndGlobalSection
	GlobalSection(ExtensibilityGlobals) = postSolution
		SolutionGuid = {EB4B8626-A445-4B53-8D61-61AE16B9A47B}
	EndGlobalSection
EndGlobal
