
Microsoft Visual Studio Solution File, Format Version 12.00
Project("{FAE04EC0-301F-11D3-BF4B-00C04F79EFBC}") = "School.App", "School.App\School.App.csproj", "{4FC7EE1D-BBF0-48FB-94DD-246064E04299}"
EndProject
Project("{FAE04EC0-301F-11D3-BF4B-00C04F79EFBC}") = "School.DAL", "School.DAL\School.DAL.csproj", "{E26ED767-4741-4608-8E11-EAFD13FD802E}"
EndProject
Global
	GlobalSection(SolutionConfigurationPlatforms) = preSolution
		Debug|Any CPU = Debug|Any CPU
		Release|Any CPU = Release|Any CPU
	EndGlobalSection
	GlobalSection(ProjectConfigurationPlatforms) = postSolution
		{4FC7EE1D-BBF0-48FB-94DD-246064E04299}.Debug|Any CPU.ActiveCfg = Debug|Any CPU
		{4FC7EE1D-BBF0-48FB-94DD-246064E04299}.Debug|Any CPU.Build.0 = Debug|Any CPU
		{4FC7EE1D-BBF0-48FB-94DD-246064E04299}.Release|Any CPU.ActiveCfg = Release|Any CPU
		{4FC7EE1D-BBF0-48FB-94DD-246064E04299}.Release|Any CPU.Build.0 = Release|Any CPU
		{E26ED767-4741-4608-8E11-EAFD13FD802E}.Debug|Any CPU.ActiveCfg = Debug|Any CPU
		{E26ED767-4741-4608-8E11-EAFD13FD802E}.Debug|Any CPU.Build.0 = Debug|Any CPU
		{E26ED767-4741-4608-8E11-EAFD13FD802E}.Release|Any CPU.ActiveCfg = Release|Any CPU
		{E26ED767-4741-4608-8E11-EAFD13FD802E}.Release|Any CPU.Build.0 = Release|Any CPU
	EndGlobalSection
EndGlobal
