
Microsoft Visual Studio Solution File, Format Version 12.00
# Visual Studio Version 16
VisualStudioVersion = 16.0.30804.86
MinimumVisualStudioVersion = 15.0.26124.0
Project("{9A19103F-16F7-4668-BE54-9A1E7A4F7556}") = "Basics", "Basics\Basics.csproj", "{C90C5220-8032-4D16-BB4A-95D1CE3C79B5}"
EndProject
Project("{9A19103F-16F7-4668-BE54-9A1E7A4F7556}") = "ReflectionSupportProject", "ReflectionSupportProject\ReflectionSupportProject.csproj", "{C45D639E-8718-4480-B7A4-84A8B98F389A}"
EndProject
Project("{FAE04EC0-301F-11D3-BF4B-00C04F79EFBC}") = "ConsoleRunner", "ConsoleRunner\ConsoleRunner.csproj", "{1BA759C8-B64B-4CB8-917F-B7201E3D0EA2}"
EndProject
Global
	GlobalSection(SolutionConfigurationPlatforms) = preSolution
		Debug|Any CPU = Debug|Any CPU
		Debug|x64 = Debug|x64
		Debug|x86 = Debug|x86
		Release|Any CPU = Release|Any CPU
		Release|x64 = Release|x64
		Release|x86 = Release|x86
	EndGlobalSection
	GlobalSection(ProjectConfigurationPlatforms) = postSolution
		{C90C5220-8032-4D16-BB4A-95D1CE3C79B5}.Debug|Any CPU.ActiveCfg = Debug|Any CPU
		{C90C5220-8032-4D16-BB4A-95D1CE3C79B5}.Debug|Any CPU.Build.0 = Debug|Any CPU
		{C90C5220-8032-4D16-BB4A-95D1CE3C79B5}.Debug|x64.ActiveCfg = Debug|Any CPU
		{C90C5220-8032-4D16-BB4A-95D1CE3C79B5}.Debug|x64.Build.0 = Debug|Any CPU
		{C90C5220-8032-4D16-BB4A-95D1CE3C79B5}.Debug|x86.ActiveCfg = Debug|Any CPU
		{C90C5220-8032-4D16-BB4A-95D1CE3C79B5}.Debug|x86.Build.0 = Debug|Any CPU
		{C90C5220-8032-4D16-BB4A-95D1CE3C79B5}.Release|Any CPU.ActiveCfg = Release|Any CPU
		{C90C5220-8032-4D16-BB4A-95D1CE3C79B5}.Release|Any CPU.Build.0 = Release|Any CPU
		{C90C5220-8032-4D16-BB4A-95D1CE3C79B5}.Release|x64.ActiveCfg = Release|Any CPU
		{C90C5220-8032-4D16-BB4A-95D1CE3C79B5}.Release|x64.Build.0 = Release|Any CPU
		{C90C5220-8032-4D16-BB4A-95D1CE3C79B5}.Release|x86.ActiveCfg = Release|Any CPU
		{C90C5220-8032-4D16-BB4A-95D1CE3C79B5}.Release|x86.Build.0 = Release|Any CPU
		{C45D639E-8718-4480-B7A4-84A8B98F389A}.Debug|Any CPU.ActiveCfg = Debug|Any CPU
		{C45D639E-8718-4480-B7A4-84A8B98F389A}.Debug|Any CPU.Build.0 = Debug|Any CPU
		{C45D639E-8718-4480-B7A4-84A8B98F389A}.Debug|x64.ActiveCfg = Debug|Any CPU
		{C45D639E-8718-4480-B7A4-84A8B98F389A}.Debug|x64.Build.0 = Debug|Any CPU
		{C45D639E-8718-4480-B7A4-84A8B98F389A}.Debug|x86.ActiveCfg = Debug|Any CPU
		{C45D639E-8718-4480-B7A4-84A8B98F389A}.Debug|x86.Build.0 = Debug|Any CPU
		{C45D639E-8718-4480-B7A4-84A8B98F389A}.Release|Any CPU.ActiveCfg = Release|Any CPU
		{C45D639E-8718-4480-B7A4-84A8B98F389A}.Release|Any CPU.Build.0 = Release|Any CPU
		{C45D639E-8718-4480-B7A4-84A8B98F389A}.Release|x64.ActiveCfg = Release|Any CPU
		{C45D639E-8718-4480-B7A4-84A8B98F389A}.Release|x64.Build.0 = Release|Any CPU
		{C45D639E-8718-4480-B7A4-84A8B98F389A}.Release|x86.ActiveCfg = Release|Any CPU
		{C45D639E-8718-4480-B7A4-84A8B98F389A}.Release|x86.Build.0 = Release|Any CPU
		{1BA759C8-B64B-4CB8-917F-B7201E3D0EA2}.Debug|Any CPU.ActiveCfg = Debug|Any CPU
		{1BA759C8-B64B-4CB8-917F-B7201E3D0EA2}.Debug|Any CPU.Build.0 = Debug|Any CPU
		{1BA759C8-B64B-4CB8-917F-B7201E3D0EA2}.Debug|x64.ActiveCfg = Debug|Any CPU
		{1BA759C8-B64B-4CB8-917F-B7201E3D0EA2}.Debug|x64.Build.0 = Debug|Any CPU
		{1BA759C8-B64B-4CB8-917F-B7201E3D0EA2}.Debug|x86.ActiveCfg = Debug|Any CPU
		{1BA759C8-B64B-4CB8-917F-B7201E3D0EA2}.Debug|x86.Build.0 = Debug|Any CPU
		{1BA759C8-B64B-4CB8-917F-B7201E3D0EA2}.Release|Any CPU.ActiveCfg = Release|Any CPU
		{1BA759C8-B64B-4CB8-917F-B7201E3D0EA2}.Release|Any CPU.Build.0 = Release|Any CPU
		{1BA759C8-B64B-4CB8-917F-B7201E3D0EA2}.Release|x64.ActiveCfg = Release|Any CPU
		{1BA759C8-B64B-4CB8-917F-B7201E3D0EA2}.Release|x64.Build.0 = Release|Any CPU
		{1BA759C8-B64B-4CB8-917F-B7201E3D0EA2}.Release|x86.ActiveCfg = Release|Any CPU
		{1BA759C8-B64B-4CB8-917F-B7201E3D0EA2}.Release|x86.Build.0 = Release|Any CPU
	EndGlobalSection
	GlobalSection(SolutionProperties) = preSolution
		HideSolutionNode = FALSE
	EndGlobalSection
	GlobalSection(ExtensibilityGlobals) = postSolution
		SolutionGuid = {337615E7-E08C-453E-9F32-6E2154293D55}
	EndGlobalSection
EndGlobal
